
Microsoft Visual Studio Solution File, Format Version 12.00
# Visual Studio Version 17
VisualStudioVersion = 17.12.35728.132 d17.12
MinimumVisualStudioVersion = 10.0.40219.1
Project("{FAE04EC0-301F-11D3-BF4B-00C04F79EFBC}") = "DT191G Moment2", "DT191G Moment2.csproj", "{2C6F6F7E-E90B-4599-AD6F-881ADB6CD77A}"
EndProject
Global
	GlobalSection(SolutionConfigurationPlatforms) = preSolution
		Debug|Any CPU = Debug|Any CPU
		Release|Any CPU = Release|Any CPU
	EndGlobalSection
	GlobalSection(ProjectConfigurationPlatforms) = postSolution
		{2C6F6F7E-E90B-4599-AD6F-881ADB6CD77A}.Debug|Any CPU.ActiveCfg = Debug|Any CPU
		{2C6F6F7E-E90B-4599-AD6F-881ADB6CD77A}.Debug|Any CPU.Build.0 = Debug|Any CPU
		{2C6F6F7E-E90B-4599-AD6F-881ADB6CD77A}.Release|Any CPU.ActiveCfg = Release|Any CPU
		{2C6F6F7E-E90B-4599-AD6F-881ADB6CD77A}.Release|Any CPU.Build.0 = Release|Any CPU
	EndGlobalSection
	GlobalSection(SolutionProperties) = preSolution
		HideSolutionNode = FALSE
	EndGlobalSection
EndGlobal
